
Microsoft Visual Studio Solution File, Format Version 12.00
# Visual Studio Version 17
VisualStudioVersion = 17.2.32616.157
MinimumVisualStudioVersion = 10.0.40219.1
Project("{9A19103F-16F7-4668-BE54-9A1E7A4F7556}") = "ComponentA.LibraryA", "ComponentA\src\ComponentA.LibraryA\ComponentA.LibraryA.csproj", "{247B4E9A-C91A-446A-9447-A4261CF0A76F}"
EndProject
Project("{2150E333-8FDC-42A3-9474-1A3956D46DE8}") = "ComponentA", "ComponentA", "{98E71F06-5A04-43C0-B2A0-C99DB59F9AE6}"
EndProject
Project("{2150E333-8FDC-42A3-9474-1A3956D46DE8}") = "src", "src", "{5CB95F85-A92D-44A0-AC45-83908FCE16A2}"
EndProject
Project("{2150E333-8FDC-42A3-9474-1A3956D46DE8}") = "tests", "tests", "{C0E45873-D2E5-42A5-9647-805D69742AC6}"
EndProject
Project("{2150E333-8FDC-42A3-9474-1A3956D46DE8}") = "ComponentB", "ComponentB", "{BAF0381D-9D8C-4A04-B360-87E5B348FC8D}"
EndProject
Project("{2150E333-8FDC-42A3-9474-1A3956D46DE8}") = "Core", "Core", "{ABE8FD21-07AD-4425-A479-316A6F1217D9}"
EndProject
Project("{2150E333-8FDC-42A3-9474-1A3956D46DE8}") = "Service", "Service", "{92115AFA-0A1F-45C5-99F1-D9B866EDBBD5}"
EndProject
Project("{2150E333-8FDC-42A3-9474-1A3956D46DE8}") = "src", "src", "{0275C1E3-73BA-4DDD-8F9F-57B0A06E3CA3}"
EndProject
Project("{2150E333-8FDC-42A3-9474-1A3956D46DE8}") = "tests", "tests", "{DE2569C6-9837-4DD4-BBA8-E7C64603437C}"
EndProject
Project("{2150E333-8FDC-42A3-9474-1A3956D46DE8}") = "src", "src", "{66997515-580D-40CD-84B1-DC43D64274DC}"
EndProject
Project("{2150E333-8FDC-42A3-9474-1A3956D46DE8}") = "tests", "tests", "{D395AD75-33EA-450F-BF79-6ACA2B97ABE4}"
EndProject
Project("{2150E333-8FDC-42A3-9474-1A3956D46DE8}") = "src", "src", "{083F0A9B-3FD6-45E6-9D77-5D43ADFDC224}"
EndProject
Project("{2150E333-8FDC-42A3-9474-1A3956D46DE8}") = "tests", "tests", "{E6053E2F-A7C6-4F1E-81CB-05F62670D468}"
EndProject
Project("{FAE04EC0-301F-11D3-BF4B-00C04F79EFBC}") = "ComponentA.LibraryB", "ComponentA\src\ComponentA.LibraryB\ComponentA.LibraryB.csproj", "{6E07B441-0404-4AED-A0A2-D9D32E64B807}"
EndProject
Project("{FAE04EC0-301F-11D3-BF4B-00C04F79EFBC}") = "ServiceApp", "Service\src\ServiceApp\ServiceApp.csproj", "{96E748EE-6BC0-4D77-8C52-EE6FD7DD4DCF}"
EndProject
Project("{FAE04EC0-301F-11D3-BF4B-00C04F79EFBC}") = "Core.LibraryA", "Core\src\Core.LibraryA\Core.LibraryA.csproj", "{1918B564-BB99-476D-AB00-713FC3F32677}"
EndProject
Project("{FAE04EC0-301F-11D3-BF4B-00C04F79EFBC}") = "Core.LibraryB", "Core\src\Core.LibraryB\Core.LibraryB.csproj", "{8BC922DD-D1A6-475B-9CCD-60CEE7E64821}"
EndProject
Project("{FAE04EC0-301F-11D3-BF4B-00C04F79EFBC}") = "ComponentB.LibraryA", "ComponentB\src\ComponentB.LibraryA\ComponentB.LibraryA.csproj", "{D8D1899A-C1CB-4FBC-9347-3346F6A97947}"
EndProject
Project("{FAE04EC0-301F-11D3-BF4B-00C04F79EFBC}") = "ComponentB.LibraryB", "ComponentB\src\ComponentB.LibraryB\ComponentB.LibraryB.csproj", "{59CF7DA9-CC96-43AF-9646-11C9179CA410}"
EndProject
Project("{FAE04EC0-301F-11D3-BF4B-00C04F79EFBC}") = "ComponentA.LibraryA.Tests", "ComponentA\tests\ComponentA.LibraryA.Tests\ComponentA.LibraryA.Tests.csproj", "{EDFE2A06-0F0D-48FA-B9CD-A70855A8BE56}"
EndProject
Project("{FAE04EC0-301F-11D3-BF4B-00C04F79EFBC}") = "ComponentA.LibraryB.Tests", "ComponentA\tests\ComponentA.LibraryB.Tests\ComponentA.LibraryB.Tests.csproj", "{476C8585-F9B3-4987-A28F-88437130E5F7}"
EndProject
Project("{FAE04EC0-301F-11D3-BF4B-00C04F79EFBC}") = "ComponentB.LibraryA.Tests", "ComponentB\tests\ComponentB.LibraryA.Tests\ComponentB.LibraryA.Tests.csproj", "{E4986EC8-96A2-45DA-93DA-295735B03696}"
EndProject
Project("{FAE04EC0-301F-11D3-BF4B-00C04F79EFBC}") = "ComponentB.LibraryB.Tests", "ComponentB\tests\ComponentB.LibraryB.Tests\ComponentB.LibraryB.Tests.csproj", "{3D4F476C-4259-48E2-A721-F38C1B6039A3}"
EndProject
Project("{FAE04EC0-301F-11D3-BF4B-00C04F79EFBC}") = "Core.LibraryB.Tests", "Core\Tests\Core.LibraryB.Tests\Core.LibraryB.Tests.csproj", "{9B1A2EA9-88A3-4FC5-8187-A4DC612E0075}"
EndProject
Project("{FAE04EC0-301F-11D3-BF4B-00C04F79EFBC}") = "Core.LibraryA.Tests", "Core\tests\Core.LibraryA.Tests\Core.LibraryA.Tests.csproj", "{FFBB6FAA-3803-4E78-BCA5-2E21BE2F7C50}"
EndProject
Project("{FAE04EC0-301F-11D3-BF4B-00C04F79EFBC}") = "ServiceApp.Tests", "Service\tests\ServiceApp.Tests\ServiceApp.Tests.csproj", "{C3D7230D-4FCE-433A-9348-0D6AD79D48EF}"
EndProject
Global
	GlobalSection(SolutionConfigurationPlatforms) = preSolution
		Debug|Any CPU = Debug|Any CPU
		Release|Any CPU = Release|Any CPU
	EndGlobalSection
	GlobalSection(ProjectConfigurationPlatforms) = postSolution
		{247B4E9A-C91A-446A-9447-A4261CF0A76F}.Debug|Any CPU.ActiveCfg = Debug|Any CPU
		{247B4E9A-C91A-446A-9447-A4261CF0A76F}.Debug|Any CPU.Build.0 = Debug|Any CPU
		{247B4E9A-C91A-446A-9447-A4261CF0A76F}.Release|Any CPU.ActiveCfg = Release|Any CPU
		{247B4E9A-C91A-446A-9447-A4261CF0A76F}.Release|Any CPU.Build.0 = Release|Any CPU
		{6E07B441-0404-4AED-A0A2-D9D32E64B807}.Debug|Any CPU.ActiveCfg = Debug|Any CPU
		{6E07B441-0404-4AED-A0A2-D9D32E64B807}.Debug|Any CPU.Build.0 = Debug|Any CPU
		{6E07B441-0404-4AED-A0A2-D9D32E64B807}.Release|Any CPU.ActiveCfg = Release|Any CPU
		{6E07B441-0404-4AED-A0A2-D9D32E64B807}.Release|Any CPU.Build.0 = Release|Any CPU
		{96E748EE-6BC0-4D77-8C52-EE6FD7DD4DCF}.Debug|Any CPU.ActiveCfg = Debug|Any CPU
		{96E748EE-6BC0-4D77-8C52-EE6FD7DD4DCF}.Debug|Any CPU.Build.0 = Debug|Any CPU
		{96E748EE-6BC0-4D77-8C52-EE6FD7DD4DCF}.Release|Any CPU.ActiveCfg = Release|Any CPU
		{96E748EE-6BC0-4D77-8C52-EE6FD7DD4DCF}.Release|Any CPU.Build.0 = Release|Any CPU
		{1918B564-BB99-476D-AB00-713FC3F32677}.Debug|Any CPU.ActiveCfg = Debug|Any CPU
		{1918B564-BB99-476D-AB00-713FC3F32677}.Debug|Any CPU.Build.0 = Debug|Any CPU
		{1918B564-BB99-476D-AB00-713FC3F32677}.Release|Any CPU.ActiveCfg = Release|Any CPU
		{1918B564-BB99-476D-AB00-713FC3F32677}.Release|Any CPU.Build.0 = Release|Any CPU
		{8BC922DD-D1A6-475B-9CCD-60CEE7E64821}.Debug|Any CPU.ActiveCfg = Debug|Any CPU
		{8BC922DD-D1A6-475B-9CCD-60CEE7E64821}.Debug|Any CPU.Build.0 = Debug|Any CPU
		{8BC922DD-D1A6-475B-9CCD-60CEE7E64821}.Release|Any CPU.ActiveCfg = Release|Any CPU
		{8BC922DD-D1A6-475B-9CCD-60CEE7E64821}.Release|Any CPU.Build.0 = Release|Any CPU
		{D8D1899A-C1CB-4FBC-9347-3346F6A97947}.Debug|Any CPU.ActiveCfg = Debug|Any CPU
		{D8D1899A-C1CB-4FBC-9347-3346F6A97947}.Debug|Any CPU.Build.0 = Debug|Any CPU
		{D8D1899A-C1CB-4FBC-9347-3346F6A97947}.Release|Any CPU.ActiveCfg = Release|Any CPU
		{D8D1899A-C1CB-4FBC-9347-3346F6A97947}.Release|Any CPU.Build.0 = Release|Any CPU
		{59CF7DA9-CC96-43AF-9646-11C9179CA410}.Debug|Any CPU.ActiveCfg = Debug|Any CPU
		{59CF7DA9-CC96-43AF-9646-11C9179CA410}.Debug|Any CPU.Build.0 = Debug|Any CPU
		{59CF7DA9-CC96-43AF-9646-11C9179CA410}.Release|Any CPU.ActiveCfg = Release|Any CPU
		{59CF7DA9-CC96-43AF-9646-11C9179CA410}.Release|Any CPU.Build.0 = Release|Any CPU
		{EDFE2A06-0F0D-48FA-B9CD-A70855A8BE56}.Debug|Any CPU.ActiveCfg = Debug|Any CPU
		{EDFE2A06-0F0D-48FA-B9CD-A70855A8BE56}.Debug|Any CPU.Build.0 = Debug|Any CPU
		{EDFE2A06-0F0D-48FA-B9CD-A70855A8BE56}.Release|Any CPU.ActiveCfg = Release|Any CPU
		{EDFE2A06-0F0D-48FA-B9CD-A70855A8BE56}.Release|Any CPU.Build.0 = Release|Any CPU
		{476C8585-F9B3-4987-A28F-88437130E5F7}.Debug|Any CPU.ActiveCfg = Debug|Any CPU
		{476C8585-F9B3-4987-A28F-88437130E5F7}.Debug|Any CPU.Build.0 = Debug|Any CPU
		{476C8585-F9B3-4987-A28F-88437130E5F7}.Release|Any CPU.ActiveCfg = Release|Any CPU
		{476C8585-F9B3-4987-A28F-88437130E5F7}.Release|Any CPU.Build.0 = Release|Any CPU
		{E4986EC8-96A2-45DA-93DA-295735B03696}.Debug|Any CPU.ActiveCfg = Debug|Any CPU
		{E4986EC8-96A2-45DA-93DA-295735B03696}.Debug|Any CPU.Build.0 = Debug|Any CPU
		{E4986EC8-96A2-45DA-93DA-295735B03696}.Release|Any CPU.ActiveCfg = Release|Any CPU
		{E4986EC8-96A2-45DA-93DA-295735B03696}.Release|Any CPU.Build.0 = Release|Any CPU
		{3D4F476C-4259-48E2-A721-F38C1B6039A3}.Debug|Any CPU.ActiveCfg = Debug|Any CPU
		{3D4F476C-4259-48E2-A721-F38C1B6039A3}.Debug|Any CPU.Build.0 = Debug|Any CPU
		{3D4F476C-4259-48E2-A721-F38C1B6039A3}.Release|Any CPU.ActiveCfg = Release|Any CPU
		{3D4F476C-4259-48E2-A721-F38C1B6039A3}.Release|Any CPU.Build.0 = Release|Any CPU
		{9B1A2EA9-88A3-4FC5-8187-A4DC612E0075}.Debug|Any CPU.ActiveCfg = Debug|Any CPU
		{9B1A2EA9-88A3-4FC5-8187-A4DC612E0075}.Debug|Any CPU.Build.0 = Debug|Any CPU
		{9B1A2EA9-88A3-4FC5-8187-A4DC612E0075}.Release|Any CPU.ActiveCfg = Release|Any CPU
		{9B1A2EA9-88A3-4FC5-8187-A4DC612E0075}.Release|Any CPU.Build.0 = Release|Any CPU
		{FFBB6FAA-3803-4E78-BCA5-2E21BE2F7C50}.Debug|Any CPU.ActiveCfg = Debug|Any CPU
		{FFBB6FAA-3803-4E78-BCA5-2E21BE2F7C50}.Debug|Any CPU.Build.0 = Debug|Any CPU
		{FFBB6FAA-3803-4E78-BCA5-2E21BE2F7C50}.Release|Any CPU.ActiveCfg = Release|Any CPU
		{FFBB6FAA-3803-4E78-BCA5-2E21BE2F7C50}.Release|Any CPU.Build.0 = Release|Any CPU
		{C3D7230D-4FCE-433A-9348-0D6AD79D48EF}.Debug|Any CPU.ActiveCfg = Debug|Any CPU
		{C3D7230D-4FCE-433A-9348-0D6AD79D48EF}.Debug|Any CPU.Build.0 = Debug|Any CPU
		{C3D7230D-4FCE-433A-9348-0D6AD79D48EF}.Release|Any CPU.ActiveCfg = Release|Any CPU
		{C3D7230D-4FCE-433A-9348-0D6AD79D48EF}.Release|Any CPU.Build.0 = Release|Any CPU
	EndGlobalSection
	GlobalSection(SolutionProperties) = preSolution
		HideSolutionNode = FALSE
	EndGlobalSection
	GlobalSection(NestedProjects) = preSolution
		{247B4E9A-C91A-446A-9447-A4261CF0A76F} = {5CB95F85-A92D-44A0-AC45-83908FCE16A2}
		{5CB95F85-A92D-44A0-AC45-83908FCE16A2} = {98E71F06-5A04-43C0-B2A0-C99DB59F9AE6}
		{C0E45873-D2E5-42A5-9647-805D69742AC6} = {98E71F06-5A04-43C0-B2A0-C99DB59F9AE6}
		{0275C1E3-73BA-4DDD-8F9F-57B0A06E3CA3} = {BAF0381D-9D8C-4A04-B360-87E5B348FC8D}
		{DE2569C6-9837-4DD4-BBA8-E7C64603437C} = {BAF0381D-9D8C-4A04-B360-87E5B348FC8D}
		{66997515-580D-40CD-84B1-DC43D64274DC} = {ABE8FD21-07AD-4425-A479-316A6F1217D9}
		{D395AD75-33EA-450F-BF79-6ACA2B97ABE4} = {ABE8FD21-07AD-4425-A479-316A6F1217D9}
		{083F0A9B-3FD6-45E6-9D77-5D43ADFDC224} = {92115AFA-0A1F-45C5-99F1-D9B866EDBBD5}
		{E6053E2F-A7C6-4F1E-81CB-05F62670D468} = {92115AFA-0A1F-45C5-99F1-D9B866EDBBD5}
		{6E07B441-0404-4AED-A0A2-D9D32E64B807} = {5CB95F85-A92D-44A0-AC45-83908FCE16A2}
		{96E748EE-6BC0-4D77-8C52-EE6FD7DD4DCF} = {083F0A9B-3FD6-45E6-9D77-5D43ADFDC224}
		{1918B564-BB99-476D-AB00-713FC3F32677} = {66997515-580D-40CD-84B1-DC43D64274DC}
		{8BC922DD-D1A6-475B-9CCD-60CEE7E64821} = {66997515-580D-40CD-84B1-DC43D64274DC}
		{D8D1899A-C1CB-4FBC-9347-3346F6A97947} = {0275C1E3-73BA-4DDD-8F9F-57B0A06E3CA3}
		{59CF7DA9-CC96-43AF-9646-11C9179CA410} = {0275C1E3-73BA-4DDD-8F9F-57B0A06E3CA3}
		{EDFE2A06-0F0D-48FA-B9CD-A70855A8BE56} = {C0E45873-D2E5-42A5-9647-805D69742AC6}
		{476C8585-F9B3-4987-A28F-88437130E5F7} = {C0E45873-D2E5-42A5-9647-805D69742AC6}
		{E4986EC8-96A2-45DA-93DA-295735B03696} = {DE2569C6-9837-4DD4-BBA8-E7C64603437C}
		{3D4F476C-4259-48E2-A721-F38C1B6039A3} = {DE2569C6-9837-4DD4-BBA8-E7C64603437C}
		{9B1A2EA9-88A3-4FC5-8187-A4DC612E0075} = {D395AD75-33EA-450F-BF79-6ACA2B97ABE4}
		{FFBB6FAA-3803-4E78-BCA5-2E21BE2F7C50} = {D395AD75-33EA-450F-BF79-6ACA2B97ABE4}
		{C3D7230D-4FCE-433A-9348-0D6AD79D48EF} = {E6053E2F-A7C6-4F1E-81CB-05F62670D468}
	EndGlobalSection
	GlobalSection(ExtensibilityGlobals) = postSolution
		SolutionGuid = {CCDA4766-9765-4DC8-8F38-23E3BC044477}
	EndGlobalSection
EndGlobal
